
Microsoft Visual Studio Solution File, Format Version 12.00
# Visual Studio Version 17
VisualStudioVersion = 17.5.002.0
MinimumVisualStudioVersion = 10.0.40219.1
Project("{9A19103F-16F7-4668-BE54-9A1E7A4F7556}") = "Reel Refiner", "Reel Refiner.csproj", "{FBE84FE8-C204-4244-9F81-12EF2016B252}"
EndProject
Project("{9A19103F-16F7-4668-BE54-9A1E7A4F7556}") = "Testing", "Testing.csproj", "{E6814AC7-BA27-4308-ABDD-F60B33CFD772}"
EndProject
Global
	GlobalSection(SolutionConfigurationPlatforms) = preSolution
		Debug|Any CPU = Debug|Any CPU
		Release|Any CPU = Release|Any CPU
	EndGlobalSection
	GlobalSection(ProjectConfigurationPlatforms) = postSolution
		{FBE84FE8-C204-4244-9F81-12EF2016B252}.Debug|Any CPU.ActiveCfg = Debug|Any CPU
		{FBE84FE8-C204-4244-9F81-12EF2016B252}.Debug|Any CPU.Build.0 = Debug|Any CPU
		{FBE84FE8-C204-4244-9F81-12EF2016B252}.Release|Any CPU.ActiveCfg = Release|Any CPU
		{FBE84FE8-C204-4244-9F81-12EF2016B252}.Release|Any CPU.Build.0 = Release|Any CPU
		{E6814AC7-BA27-4308-ABDD-F60B33CFD772}.Debug|Any CPU.ActiveCfg = Debug|Any CPU
		{E6814AC7-BA27-4308-ABDD-F60B33CFD772}.Debug|Any CPU.Build.0 = Debug|Any CPU
		{E6814AC7-BA27-4308-ABDD-F60B33CFD772}.Release|Any CPU.ActiveCfg = Release|Any CPU
		{E6814AC7-BA27-4308-ABDD-F60B33CFD772}.Release|Any CPU.Build.0 = Release|Any CPU
	EndGlobalSection
	GlobalSection(SolutionProperties) = preSolution
		HideSolutionNode = FALSE
	EndGlobalSection
	GlobalSection(ExtensibilityGlobals) = postSolution
		SolutionGuid = {C39090E4-4A4B-4363-B22B-F3FE6F09B674}
	EndGlobalSection
EndGlobal
